
Microsoft Visual Studio Solution File, Format Version 11.00
# Visual Studio 2010
Project("{FAE04EC0-301F-11D3-BF4B-00C04F79EFBC}") = "CandyShop", "Apps\CandyShop\CandyShop.csproj", "{B9040E83-B29F-4D5F-8B3D-1A37875CFA46}"
EndProject
Project("{FAE04EC0-301F-11D3-BF4B-00C04F79EFBC}") = "CandyShop.Reports", "Libraries\CandyShop.Reports\CandyShop.Reports.csproj", "{8E938254-2469-4A2B-9E16-F50045A5794C}"
EndProject
Global
	GlobalSection(SolutionConfigurationPlatforms) = preSolution
		Debug|Any CPU = Debug|Any CPU
		Release|Any CPU = Release|Any CPU
	EndGlobalSection
	GlobalSection(ProjectConfigurationPlatforms) = postSolution
		{B9040E83-B29F-4D5F-8B3D-1A37875CFA46}.Debug|Any CPU.ActiveCfg = Debug|Any CPU
		{B9040E83-B29F-4D5F-8B3D-1A37875CFA46}.Debug|Any CPU.Build.0 = Debug|Any CPU
		{B9040E83-B29F-4D5F-8B3D-1A37875CFA46}.Release|Any CPU.ActiveCfg = Release|Any CPU
		{B9040E83-B29F-4D5F-8B3D-1A37875CFA46}.Release|Any CPU.Build.0 = Release|Any CPU
		{8E938254-2469-4A2B-9E16-F50045A5794C}.Debug|Any CPU.ActiveCfg = Debug|Any CPU
		{8E938254-2469-4A2B-9E16-F50045A5794C}.Debug|Any CPU.Build.0 = Debug|Any CPU
		{8E938254-2469-4A2B-9E16-F50045A5794C}.Release|Any CPU.ActiveCfg = Release|Any CPU
		{8E938254-2469-4A2B-9E16-F50045A5794C}.Release|Any CPU.Build.0 = Release|Any CPU
	EndGlobalSection
	GlobalSection(SolutionProperties) = preSolution
		HideSolutionNode = FALSE
	EndGlobalSection
EndGlobal
